
Microsoft Visual Studio Solution File, Format Version 12.00
# Visual Studio Version 16
VisualStudioVersion = 16.0.32002.261
MinimumVisualStudioVersion = 10.0.40219.1
Project("{FAE04EC0-301F-11D3-BF4B-00C04F79EFBC}") = "01_String", "1_String\01_String.csproj", "{C9D30E88-79BD-4F26-A1D2-F496AA6F35CF}"
EndProject
Project("{FAE04EC0-301F-11D3-BF4B-00C04F79EFBC}") = "02_DataType", "02_DataType\02_DataType.csproj", "{FD29343C-DD4E-4C84-AD98-E6C87B7ED6C5}"
EndProject
Project("{FAE04EC0-301F-11D3-BF4B-00C04F79EFBC}") = "03_Method", "03_Method\03_Method.csproj", "{FF5F29F9-DFE8-4EFB-8D4E-629143DE2C66}"
EndProject
Project("{9A19103F-16F7-4668-BE54-9A1E7A4F7556}") = "90_MLHandWriting", "90_MLHandWriting\90_MLHandWriting.csproj", "{FBB149ED-C685-48DD-8634-34E7C153BA2A}"
EndProject
Project("{9A19103F-16F7-4668-BE54-9A1E7A4F7556}") = "91_MLLabelled", "91_MLLabelled\91_MLLabelled.csproj", "{11CEE3DC-183C-4336-8721-FB14ACB7B692}"
EndProject
Project("{FAE04EC0-301F-11D3-BF4B-00C04F79EFBC}") = "80_OpenCVSharp", "80_OpenCVSharp\80_OpenCVSharp.csproj", "{E3A1D0AE-4BCC-4190-90A9-CC8BFD9D6CED}"
EndProject
Project("{FAE04EC0-301F-11D3-BF4B-00C04F79EFBC}") = "81_TesseractOCR", "81_TesseractOCR\81_TesseractOCR.csproj", "{671F138A-EA6B-473E-8C03-D363644D86E8}"
EndProject
Project("{2150E333-8FDC-42A3-9474-1A3956D46DE8}") = "Test2", "Test2", "{F1B2E7AE-2877-4DA8-9DA1-37441CF5D251}"
EndProject
Project("{FAE04EC0-301F-11D3-BF4B-00C04F79EFBC}") = "05_Enum", "05_Enum\05_Enum.csproj", "{21019340-FBD4-4C55-9549-B7653519447A}"
EndProject
Project("{FAE04EC0-301F-11D3-BF4B-00C04F79EFBC}") = "07_Array", "07_Array\07_Array.csproj", "{038D5FD1-CA30-46E2-BBC6-ABA89C013115}"
EndProject
Project("{FAE04EC0-301F-11D3-BF4B-00C04F79EFBC}") = "09_ForForeach", "09_ForForeach\09_ForForeach.csproj", "{E1E5155B-EF72-468C-BD2C-D54B4F545B97}"
EndProject
Project("{FAE04EC0-301F-11D3-BF4B-00C04F79EFBC}") = "11_StructClass", "11_StructClass\11_StructClass.csproj", "{6869A8FD-C957-4B33-AE69-0951AF5EDBF7}"
EndProject
Project("{FAE04EC0-301F-11D3-BF4B-00C04F79EFBC}") = "13_Inheritance", "13_Inheritance\13_Inheritance.csproj", "{E8CEE881-BF82-43E8-9C54-043B85C7618F}"
EndProject
Project("{FAE04EC0-301F-11D3-BF4B-00C04F79EFBC}") = "70_ImageCapture", "70_ImageCapture\70_ImageCapture.csproj", "{372A44ED-994E-4606-BB20-C1ABBBF2337C}"
EndProject
Project("{FAE04EC0-301F-11D3-BF4B-00C04F79EFBC}") = "14_Override_Overoad", "14_Override_Overoad\14_Override_Overoad.csproj", "{579E8429-AEC2-4653-9802-8A521D2E9D10}"
EndProject
Project("{FAE04EC0-301F-11D3-BF4B-00C04F79EFBC}") = "71_ExamMetroUI", "71_ExamMetroUI\71_ExamMetroUI.csproj", "{8C161BF9-0957-4F9D-B5B5-8A87D067F721}"
EndProject
Global
	GlobalSection(SolutionConfigurationPlatforms) = preSolution
		Debug|Any CPU = Debug|Any CPU
		Release|Any CPU = Release|Any CPU
	EndGlobalSection
	GlobalSection(ProjectConfigurationPlatforms) = postSolution
		{C9D30E88-79BD-4F26-A1D2-F496AA6F35CF}.Debug|Any CPU.ActiveCfg = Debug|Any CPU
		{C9D30E88-79BD-4F26-A1D2-F496AA6F35CF}.Debug|Any CPU.Build.0 = Debug|Any CPU
		{C9D30E88-79BD-4F26-A1D2-F496AA6F35CF}.Release|Any CPU.ActiveCfg = Release|Any CPU
		{C9D30E88-79BD-4F26-A1D2-F496AA6F35CF}.Release|Any CPU.Build.0 = Release|Any CPU
		{FD29343C-DD4E-4C84-AD98-E6C87B7ED6C5}.Debug|Any CPU.ActiveCfg = Debug|Any CPU
		{FD29343C-DD4E-4C84-AD98-E6C87B7ED6C5}.Debug|Any CPU.Build.0 = Debug|Any CPU
		{FD29343C-DD4E-4C84-AD98-E6C87B7ED6C5}.Release|Any CPU.ActiveCfg = Release|Any CPU
		{FD29343C-DD4E-4C84-AD98-E6C87B7ED6C5}.Release|Any CPU.Build.0 = Release|Any CPU
		{FF5F29F9-DFE8-4EFB-8D4E-629143DE2C66}.Debug|Any CPU.ActiveCfg = Debug|Any CPU
		{FF5F29F9-DFE8-4EFB-8D4E-629143DE2C66}.Debug|Any CPU.Build.0 = Debug|Any CPU
		{FF5F29F9-DFE8-4EFB-8D4E-629143DE2C66}.Release|Any CPU.ActiveCfg = Release|Any CPU
		{FF5F29F9-DFE8-4EFB-8D4E-629143DE2C66}.Release|Any CPU.Build.0 = Release|Any CPU
		{FBB149ED-C685-48DD-8634-34E7C153BA2A}.Debug|Any CPU.ActiveCfg = Debug|Any CPU
		{FBB149ED-C685-48DD-8634-34E7C153BA2A}.Debug|Any CPU.Build.0 = Debug|Any CPU
		{FBB149ED-C685-48DD-8634-34E7C153BA2A}.Release|Any CPU.ActiveCfg = Release|Any CPU
		{FBB149ED-C685-48DD-8634-34E7C153BA2A}.Release|Any CPU.Build.0 = Release|Any CPU
		{11CEE3DC-183C-4336-8721-FB14ACB7B692}.Debug|Any CPU.ActiveCfg = Debug|Any CPU
		{11CEE3DC-183C-4336-8721-FB14ACB7B692}.Debug|Any CPU.Build.0 = Debug|Any CPU
		{11CEE3DC-183C-4336-8721-FB14ACB7B692}.Release|Any CPU.ActiveCfg = Release|Any CPU
		{11CEE3DC-183C-4336-8721-FB14ACB7B692}.Release|Any CPU.Build.0 = Release|Any CPU
		{E3A1D0AE-4BCC-4190-90A9-CC8BFD9D6CED}.Debug|Any CPU.ActiveCfg = Debug|Any CPU
		{E3A1D0AE-4BCC-4190-90A9-CC8BFD9D6CED}.Debug|Any CPU.Build.0 = Debug|Any CPU
		{E3A1D0AE-4BCC-4190-90A9-CC8BFD9D6CED}.Release|Any CPU.ActiveCfg = Release|Any CPU
		{E3A1D0AE-4BCC-4190-90A9-CC8BFD9D6CED}.Release|Any CPU.Build.0 = Release|Any CPU
		{671F138A-EA6B-473E-8C03-D363644D86E8}.Debug|Any CPU.ActiveCfg = Debug|Any CPU
		{671F138A-EA6B-473E-8C03-D363644D86E8}.Debug|Any CPU.Build.0 = Debug|Any CPU
		{671F138A-EA6B-473E-8C03-D363644D86E8}.Release|Any CPU.ActiveCfg = Release|Any CPU
		{671F138A-EA6B-473E-8C03-D363644D86E8}.Release|Any CPU.Build.0 = Release|Any CPU
		{21019340-FBD4-4C55-9549-B7653519447A}.Debug|Any CPU.ActiveCfg = Debug|Any CPU
		{21019340-FBD4-4C55-9549-B7653519447A}.Debug|Any CPU.Build.0 = Debug|Any CPU
		{21019340-FBD4-4C55-9549-B7653519447A}.Release|Any CPU.ActiveCfg = Release|Any CPU
		{21019340-FBD4-4C55-9549-B7653519447A}.Release|Any CPU.Build.0 = Release|Any CPU
		{038D5FD1-CA30-46E2-BBC6-ABA89C013115}.Debug|Any CPU.ActiveCfg = Debug|Any CPU
		{038D5FD1-CA30-46E2-BBC6-ABA89C013115}.Debug|Any CPU.Build.0 = Debug|Any CPU
		{038D5FD1-CA30-46E2-BBC6-ABA89C013115}.Release|Any CPU.ActiveCfg = Release|Any CPU
		{038D5FD1-CA30-46E2-BBC6-ABA89C013115}.Release|Any CPU.Build.0 = Release|Any CPU
		{E1E5155B-EF72-468C-BD2C-D54B4F545B97}.Debug|Any CPU.ActiveCfg = Debug|Any CPU
		{E1E5155B-EF72-468C-BD2C-D54B4F545B97}.Debug|Any CPU.Build.0 = Debug|Any CPU
		{E1E5155B-EF72-468C-BD2C-D54B4F545B97}.Release|Any CPU.ActiveCfg = Release|Any CPU
		{E1E5155B-EF72-468C-BD2C-D54B4F545B97}.Release|Any CPU.Build.0 = Release|Any CPU
		{6869A8FD-C957-4B33-AE69-0951AF5EDBF7}.Debug|Any CPU.ActiveCfg = Debug|Any CPU
		{6869A8FD-C957-4B33-AE69-0951AF5EDBF7}.Debug|Any CPU.Build.0 = Debug|Any CPU
		{6869A8FD-C957-4B33-AE69-0951AF5EDBF7}.Release|Any CPU.ActiveCfg = Release|Any CPU
		{6869A8FD-C957-4B33-AE69-0951AF5EDBF7}.Release|Any CPU.Build.0 = Release|Any CPU
		{E8CEE881-BF82-43E8-9C54-043B85C7618F}.Debug|Any CPU.ActiveCfg = Debug|Any CPU
		{E8CEE881-BF82-43E8-9C54-043B85C7618F}.Debug|Any CPU.Build.0 = Debug|Any CPU
		{E8CEE881-BF82-43E8-9C54-043B85C7618F}.Release|Any CPU.ActiveCfg = Release|Any CPU
		{E8CEE881-BF82-43E8-9C54-043B85C7618F}.Release|Any CPU.Build.0 = Release|Any CPU
		{372A44ED-994E-4606-BB20-C1ABBBF2337C}.Debug|Any CPU.ActiveCfg = Debug|Any CPU
		{372A44ED-994E-4606-BB20-C1ABBBF2337C}.Debug|Any CPU.Build.0 = Debug|Any CPU
		{372A44ED-994E-4606-BB20-C1ABBBF2337C}.Release|Any CPU.ActiveCfg = Release|Any CPU
		{372A44ED-994E-4606-BB20-C1ABBBF2337C}.Release|Any CPU.Build.0 = Release|Any CPU
		{579E8429-AEC2-4653-9802-8A521D2E9D10}.Debug|Any CPU.ActiveCfg = Debug|Any CPU
		{579E8429-AEC2-4653-9802-8A521D2E9D10}.Debug|Any CPU.Build.0 = Debug|Any CPU
		{579E8429-AEC2-4653-9802-8A521D2E9D10}.Release|Any CPU.ActiveCfg = Release|Any CPU
		{579E8429-AEC2-4653-9802-8A521D2E9D10}.Release|Any CPU.Build.0 = Release|Any CPU
		{8C161BF9-0957-4F9D-B5B5-8A87D067F721}.Debug|Any CPU.ActiveCfg = Debug|Any CPU
		{8C161BF9-0957-4F9D-B5B5-8A87D067F721}.Debug|Any CPU.Build.0 = Debug|Any CPU
		{8C161BF9-0957-4F9D-B5B5-8A87D067F721}.Release|Any CPU.ActiveCfg = Release|Any CPU
		{8C161BF9-0957-4F9D-B5B5-8A87D067F721}.Release|Any CPU.Build.0 = Release|Any CPU
	EndGlobalSection
	GlobalSection(SolutionProperties) = preSolution
		HideSolutionNode = FALSE
	EndGlobalSection
	GlobalSection(NestedProjects) = preSolution
		{FBB149ED-C685-48DD-8634-34E7C153BA2A} = {F1B2E7AE-2877-4DA8-9DA1-37441CF5D251}
		{11CEE3DC-183C-4336-8721-FB14ACB7B692} = {F1B2E7AE-2877-4DA8-9DA1-37441CF5D251}
		{E3A1D0AE-4BCC-4190-90A9-CC8BFD9D6CED} = {F1B2E7AE-2877-4DA8-9DA1-37441CF5D251}
		{671F138A-EA6B-473E-8C03-D363644D86E8} = {F1B2E7AE-2877-4DA8-9DA1-37441CF5D251}
	EndGlobalSection
	GlobalSection(ExtensibilityGlobals) = postSolution
		SolutionGuid = {0E79AAA3-1C73-47EE-944A-3DCB7026D0F7}
	EndGlobalSection
EndGlobal
